// !$*UTF8*$!
{
	archiveVersion = 1;
	classes = {
	};
	objectVersion = 50;
	objects = {

/* Begin PBXBuildFile section */
		E908D28624C6787C00FCD874 /* AppDelegate.swift in Sources */ = {isa = PBXBuildFile; fileRef = E908D28524C6787C00FCD874 /* AppDelegate.swift */; };
		E908D28824C6787C00FCD874 /* SceneDelegate.swift in Sources */ = {isa = PBXBuildFile; fileRef = E908D28724C6787C00FCD874 /* SceneDelegate.swift */; };
		E908D28A24C6787C00FCD874 /* ViewController.swift in Sources */ = {isa = PBXBuildFile; fileRef = E908D28924C6787C00FCD874 /* ViewController.swift */; };
		E908D28D24C6787C00FCD874 /* Main.storyboard in Resources */ = {isa = PBXBuildFile; fileRef = E908D28B24C6787C00FCD874 /* Main.storyboard */; };
		E908D28F24C6787D00FCD874 /* Assets.xcassets in Resources */ = {isa = PBXBuildFile; fileRef = E908D28E24C6787D00FCD874 /* Assets.xcassets */; };
		E908D29224C6787D00FCD874 /* LaunchScreen.storyboard in Resources */ = {isa = PBXBuildFile; fileRef = E908D29024C6787D00FCD874 /* LaunchScreen.storyboard */; };
		E908D2A424C678A500FCD874 /* nssl0049.jpg in Resources */ = {isa = PBXBuildFile; fileRef = E908D29A24C678A500FCD874 /* nssl0049.jpg */; };
		E908D2A524C678A500FCD874 /* nssl0046.jpg in Resources */ = {isa = PBXBuildFile; fileRef = E908D29B24C678A500FCD874 /* nssl0046.jpg */; };
		E908D2A624C678A500FCD874 /* nssl0091.jpg in Resources */ = {isa = PBXBuildFile; fileRef = E908D29C24C678A500FCD874 /* nssl0091.jpg */; };
		E908D2A724C678A500FCD874 /* nssl0045.jpg in Resources */ = {isa = PBXBuildFile; fileRef = E908D29D24C678A500FCD874 /* nssl0045.jpg */; };
		E908D2A824C678A500FCD874 /* nssl0051.jpg in Resources */ = {isa = PBXBuildFile; fileRef = E908D29E24C678A500FCD874 /* nssl0051.jpg */; };
		E908D2A924C678A500FCD874 /* nssl0041.jpg in Resources */ = {isa = PBXBuildFile; fileRef = E908D29F24C678A500FCD874 /* nssl0041.jpg */; };
		E908D2AA24C678A500FCD874 /* nssl0042.jpg in Resources */ = {isa = PBXBuildFile; fileRef = E908D2A024C678A500FCD874 /* nssl0042.jpg */; };
		E908D2AB24C678A500FCD874 /* nssl0043.jpg in Resources */ = {isa = PBXBuildFile; fileRef = E908D2A124C678A500FCD874 /* nssl0043.jpg */; };
		E908D2AC24C678A500FCD874 /* nssl0033.jpg in Resources */ = {isa = PBXBuildFile; fileRef = E908D2A224C678A500FCD874 /* nssl0033.jpg */; };
		E908D2AD24C678A500FCD874 /* nssl0034.jpg in Resources */ = {isa = PBXBuildFile; fileRef = E908D2A324C678A500FCD874 /* nssl0034.jpg */; };
/* End PBXBuildFile section */

/* Begin PBXFileReference section */
		E908D28224C6787C00FCD874 /* StormViewer.app */ = {isa = PBXFileReference; explicitFileType = wrapper.application; includeInIndex = 0; path = StormViewer.app; sourceTree = BUILT_PRODUCTS_DIR; };
		E908D28524C6787C00FCD874 /* AppDelegate.swift */ = {isa = PBXFileReference; lastKnownFileType = sourcecode.swift; path = AppDelegate.swift; sourceTree = "<group>"; };
		E908D28724C6787C00FCD874 /* SceneDelegate.swift */ = {isa = PBXFileReference; lastKnownFileType = sourcecode.swift; path = SceneDelegate.swift; sourceTree = "<group>"; };
		E908D28924C6787C00FCD874 /* ViewController.swift */ = {isa = PBXFileReference; lastKnownFileType = sourcecode.swift; path = ViewController.swift; sourceTree = "<group>"; };
		E908D28C24C6787C00FCD874 /* Base */ = {isa = PBXFileReference; lastKnownFileType = file.storyboard; name = Base; path = Base.lproj/Main.storyboard; sourceTree = "<group>"; };
		E908D28E24C6787D00FCD874 /* Assets.xcassets */ = {isa = PBXFileReference; lastKnownFileType = folder.assetcatalog; path = Assets.xcassets; sourceTree = "<group>"; };
		E908D29124C6787D00FCD874 /* Base */ = {isa = PBXFileReference; lastKnownFileType = file.storyboard; name = Base; path = Base.lproj/LaunchScreen.storyboard; sourceTree = "<group>"; };
		E908D29324C6787D00FCD874 /* Info.plist */ = {isa = PBXFileReference; lastKnownFileType = text.plist.xml; path = Info.plist; sourceTree = "<group>"; };
		E908D29A24C678A500FCD874 /* nssl0049.jpg */ = {isa = PBXFileReference; lastKnownFileType = image.jpeg; path = nssl0049.jpg; sourceTree = "<group>"; };
		E908D29B24C678A500FCD874 /* nssl0046.jpg */ = {isa = PBXFileReference; lastKnownFileType = image.jpeg; path = nssl0046.jpg; sourceTree = "<group>"; };
		E908D29C24C678A500FCD874 /* nssl0091.jpg */ = {isa = PBXFileReference; lastKnownFileType = image.jpeg; path = nssl0091.jpg; sourceTree = "<group>"; };
		E908D29D24C678A500FCD874 /* nssl0045.jpg */ = {isa = PBXFileReference; lastKnownFileType = image.jpeg; path = nssl0045.jpg; sourceTree = "<group>"; };
		E908D29E24C678A500FCD874 /* nssl0051.jpg */ = {isa = PBXFileReference; lastKnownFileType = image.jpeg; path = nssl0051.jpg; sourceTree = "<group>"; };
		E908D29F24C678A500FCD874 /* nssl0041.jpg */ = {isa = PBXFileReference; lastKnownFileType = image.jpeg; path = nssl0041.jpg; sourceTree = "<group>"; };
		E908D2A024C678A500FCD874 /* nssl0042.jpg */ = {isa = PBXFileReference; lastKnownFileType = image.jpeg; path = nssl0042.jpg; sourceTree = "<group>"; };
		E908D2A124C678A500FCD874 /* nssl0043.jpg */ = {isa = PBXFileReference; lastKnownFileType = image.jpeg; path = nssl0043.jpg; sourceTree = "<group>"; };
		E908D2A224C678A500FCD874 /* nssl0033.jpg */ = {isa = PBXFileReference; lastKnownFileType = image.jpeg; path = nssl0033.jpg; sourceTree = "<group>"; };
		E908D2A324C678A500FCD874 /* nssl0034.jpg */ = {isa = PBXFileReference; lastKnownFileType = image.jpeg; path = nssl0034.jpg; sourceTree = "<group>"; };
/* End PBXFileReference section */

/* Begin PBXFrameworksBuildPhase section */
		E908D27F24C6787C00FCD874 /* Frameworks */ = {
			isa = PBXFrameworksBuildPhase;
			buildActionMask = 2147483647;
			files = (
			);
			runOnlyForDeploymentPostprocessing = 0;
		};
/* End PBXFrameworksBuildPhase section */

/* Begin PBXGroup section */
		E908D27924C6787C00FCD874 = {
			isa = PBXGroup;
			children = (
				E908D28424C6787C00FCD874 /* StormViewer */,
				E908D28324C6787C00FCD874 /* Products */,
			);
			sourceTree = "<group>";
		};
		E908D28324C6787C00FCD874 /* Products */ = {
			isa = PBXGroup;
			children = (
				E908D28224C6787C00FCD874 /* StormViewer.app */,
			);
			name = Products;
			sourceTree = "<group>";
		};
		E908D28424C6787C00FCD874 /* StormViewer */ = {
			isa = PBXGroup;
			children = (
				E908D28524C6787C00FCD874 /* AppDelegate.swift */,
				E908D28724C6787C00FCD874 /* SceneDelegate.swift */,
				E908D28924C6787C00FCD874 /* ViewController.swift */,
				E908D28B24C6787C00FCD874 /* Main.storyboard */,
				E908D28E24C6787D00FCD874 /* Assets.xcassets */,
				E908D29024C6787D00FCD874 /* LaunchScreen.storyboard */,
				E908D29324C6787D00FCD874 /* Info.plist */,
				E908D29924C678A500FCD874 /* Content */,
			);
			path = StormViewer;
			sourceTree = "<group>";
		};
		E908D29924C678A500FCD874 /* Content */ = {
			isa = PBXGroup;
			children = (
				E908D29A24C678A500FCD874 /* nssl0049.jpg */,
				E908D29B24C678A500FCD874 /* nssl0046.jpg */,
				E908D29C24C678A500FCD874 /* nssl0091.jpg */,
				E908D29D24C678A500FCD874 /* nssl0045.jpg */,
				E908D29E24C678A500FCD874 /* nssl0051.jpg */,
				E908D29F24C678A500FCD874 /* nssl0041.jpg */,
				E908D2A024C678A500FCD874 /* nssl0042.jpg */,
				E908D2A124C678A500FCD874 /* nssl0043.jpg */,
				E908D2A224C678A500FCD874 /* nssl0033.jpg */,
				E908D2A324C678A500FCD874 /* nssl0034.jpg */,
			);
			path = Content;
			sourceTree = "<group>";
		};
/* End PBXGroup section */

/* Begin PBXNativeTarget section */
		E908D28124C6787C00FCD874 /* StormViewer */ = {
			isa = PBXNativeTarget;
			buildConfigurationList = E908D29624C6787D00FCD874 /* Build configuration list for PBXNativeTarget "StormViewer" */;
			buildPhases = (
				E908D27E24C6787C00FCD874 /* Sources */,
				E908D27F24C6787C00FCD874 /* Frameworks */,
				E908D28024C6787C00FCD874 /* Resources */,
			);
			buildRules = (
			);
			dependencies = (
			);
			name = StormViewer;
			productName = StormViewer;
			productReference = E908D28224C6787C00FCD874 /* StormViewer.app */;
			productType = "com.apple.product-type.application";
		};
/* End PBXNativeTarget section */

/* Begin PBXProject section */
		E908D27A24C6787C00FCD874 /* Project object */ = {
			isa = PBXProject;
			attributes = {
				LastSwiftUpdateCheck = 1160;
				LastUpgradeCheck = 1160;
				ORGANIZATIONNAME = "Marcus Richard";
				TargetAttributes = {
					E908D28124C6787C00FCD874 = {
						CreatedOnToolsVersion = 11.6;
					};
				};
			};
			buildConfigurationList = E908D27D24C6787C00FCD874 /* Build configuration list for PBXProject "StormViewer" */;
			compatibilityVersion = "Xcode 9.3";
			developmentRegion = en;
			hasScannedForEncodings = 0;
			knownRegions = (
				en,
				Base,
			);
			mainGroup = E908D27924C6787C00FCD874;
			productRefGroup = E908D28324C6787C00FCD874 /* Products */;
			projectDirPath = "";
			projectRoot = "";
			targets = (
				E908D28124C6787C00FCD874 /* StormViewer */,
			);
		};
/* End PBXProject section */

/* Begin PBXResourcesBuildPhase section */
		E908D28024C6787C00FCD874 /* Resources */ = {
			isa = PBXResourcesBuildPhase;
			buildActionMask = 2147483647;
			files = (
				E908D2A524C678A500FCD874 /* nssl0046.jpg in Resources */,
				E908D2AC24C678A500FCD874 /* nssl0033.jpg in Resources */,
				E908D2A824C678A500FCD874 /* nssl0051.jpg in Resources */,
				E908D2A624C678A500FCD874 /* nssl0091.jpg in Resources */,
				E908D2AB24C678A500FCD874 /* nssl0043.jpg in Resources */,
				E908D2AD24C678A500FCD874 /* nssl0034.jpg in Resources */,
				E908D2A424C678A500FCD874 /* nssl0049.jpg in Resources */,
				E908D2A924C678A500FCD874 /* nssl0041.jpg in Resources */,
				E908D2AA24C678A500FCD874 /* nssl0042.jpg in Resources */,
				E908D29224C6787D00FCD874 /* LaunchScreen.storyboard in Resources */,
				E908D28F24C6787D00FCD874 /* Assets.xcassets in Resources */,
				E908D2A724C678A500FCD874 /* nssl0045.jpg in Resources */,
				E908D28D24C6787C00FCD874 /* Main.storyboard in Resources */,
			);
			runOnlyForDeploymentPostprocessing = 0;
		};
/* End PBXResourcesBuildPhase section */

/* Begin PBXSourcesBuildPhase section */
		E908D27E24C6787C00FCD874 /* Sources */ = {
			isa = PBXSourcesBuildPhase;
			buildActionMask = 2147483647;
			files = (
				E908D28A24C6787C00FCD874 /* ViewController.swift in Sources */,
				E908D28624C6787C00FCD874 /* AppDelegate.swift in Sources */,
				E908D28824C6787C00FCD874 /* SceneDelegate.swift in Sources */,
			);
			runOnlyForDeploymentPostprocessing = 0;
		};
/* End PBXSourcesBuildPhase section */

/* Begin PBXVariantGroup section */
		E908D28B24C6787C00FCD874 /* Main.storyboard */ = {
			isa = PBXVariantGroup;
			children = (
				E908D28C24C6787C00FCD874 /* Base */,
			);
			name = Main.storyboard;
			sourceTree = "<group>";
		};
		E908D29024C6787D00FCD874 /* LaunchScreen.storyboard */ = {
			isa = PBXVariantGroup;
			children = (
				E908D29124C6787D00FCD874 /* Base */,
			);
			name = LaunchScreen.storyboard;
			sourceTree = "<group>";
		};
/* End PBXVariantGroup section */

/* Begin XCBuildConfiguration section */
		E908D29424C6787D00FCD874 /* Debug */ = {
			isa = XCBuildConfiguration;
			buildSettings = {
				ALWAYS_SEARCH_USER_PATHS = NO;
				CLANG_ANALYZER_NONNULL = YES;
				CLANG_ANALYZER_NUMBER_OBJECT_CONVERSION = YES_AGGRESSIVE;
				CLANG_CXX_LANGUAGE_STANDARD = "gnu++14";
				CLANG_CXX_LIBRARY = "libc++";
				CLANG_ENABLE_MODULES = YES;
				CLANG_ENABLE_OBJC_ARC = YES;
				CLANG_ENABLE_OBJC_WEAK = YES;
				CLANG_WARN_BLOCK_CAPTURE_AUTORELEASING = YES;
				CLANG_WARN_BOOL_CONVERSION = YES;
				CLANG_WARN_COMMA = YES;
				CLANG_WARN_CONSTANT_CONVERSION = YES;
				CLANG_WARN_DEPRECATED_OBJC_IMPLEMENTATIONS = YES;
				CLANG_WARN_DIRECT_OBJC_ISA_USAGE = YES_ERROR;
				CLANG_WARN_DOCUMENTATION_COMMENTS = YES;
				CLANG_WARN_EMPTY_BODY = YES;
				CLANG_WARN_ENUM_CONVERSION = YES;
				CLANG_WARN_INFINITE_RECURSION = YES;
				CLANG_WARN_INT_CONVERSION = YES;
				CLANG_WARN_NON_LITERAL_NULL_CONVERSION = YES;
				CLANG_WARN_OBJC_IMPLICIT_RETAIN_SELF = YES;
				CLANG_WARN_OBJC_LITERAL_CONVERSION = YES;
				CLANG_WARN_OBJC_ROOT_CLASS = YES_ERROR;
				CLANG_WARN_RANGE_LOOP_ANALYSIS = YES;
				CLANG_WARN_STRICT_PROTOTYPES = YES;
				CLANG_WARN_SUSPICIOUS_MOVE = YES;
				CLANG_WARN_UNGUARDED_AVAILABILITY = YES_AGGRESSIVE;
				CLANG_WARN_UNREACHABLE_CODE = YES;
				CLANG_WARN__DUPLICATE_METHOD_MATCH = YES;
				COPY_PHASE_STRIP = NO;
				DEBUG_INFORMATION_FORMAT = dwarf;
				ENABLE_STRICT_OBJC_MSGSEND = YES;
				ENABLE_TESTABILITY = YES;
				GCC_C_LANGUAGE_STANDARD = gnu11;
				GCC_DYNAMIC_NO_PIC = NO;
				GCC_NO_COMMON_BLOCKS = YES;
				GCC_OPTIMIZATION_LEVEL = 0;
				GCC_PREPROCESSOR_DEFINITIONS = (
					"DEBUG=1",
					"$(inherited)",
				);
				GCC_WARN_64_TO_32_BIT_CONVERSION = YES;
				GCC_WARN_ABOUT_RETURN_TYPE = YES_ERROR;
				GCC_WARN_UNDECLARED_SELECTOR = YES;
				GCC_WARN_UNINITIALIZED_AUTOS = YES_AGGRESSIVE;
				GCC_WARN_UNUSED_FUNCTION = YES;
				GCC_WARN_UNUSED_VARIABLE = YES;
				IPHONEOS_DEPLOYMENT_TARGET = 13.6;
				MTL_ENABLE_DEBUG_INFO = INCLUDE_SOURCE;
				MTL_FAST_MATH = YES;
				ONLY_ACTIVE_ARCH = YES;
				SDKROOT = iphoneos;
				SWIFT_ACTIVE_COMPILATION_CONDITIONS = DEBUG;
				SWIFT_OPTIMIZATION_LEVEL = "-Onone";
			};
			name = Debug;
		};
		E908D29524C6787D00FCD874 /* Release */ = {
			isa = XCBuildConfiguration;
			buildSettings = {
				ALWAYS_SEARCH_USER_PATHS = NO;
				CLANG_ANALYZER_NONNULL = YES;
				CLANG_ANALYZER_NUMBER_OBJECT_CONVERSION = YES_AGGRESSIVE;
				CLANG_CXX_LANGUAGE_STANDARD = "gnu++14";
				CLANG_CXX_LIBRARY = "libc++";
				CLANG_ENABLE_MODULES = YES;
				CLANG_ENABLE_OBJC_ARC = YES;
				CLANG_ENABLE_OBJC_WEAK = YES;
				CLANG_WARN_BLOCK_CAPTURE_AUTORELEASING = YES;
				CLANG_WARN_BOOL_CONVERSION = YES;
				CLANG_WARN_COMMA = YES;
				CLANG_WARN_CONSTANT_CONVERSION = YES;
				CLANG_WARN_DEPRECATED_OBJC_IMPLEMENTATIONS = YES;
				CLANG_WARN_DIRECT_OBJC_ISA_USAGE = YES_ERROR;
				CLANG_WARN_DOCUMENTATION_COMMENTS = YES;
				CLANG_WARN_EMPTY_BODY = YES;
				CLANG_WARN_ENUM_CONVERSION = YES;
				CLANG_WARN_INFINITE_RECURSION = YES;
				CLANG_WARN_INT_CONVERSION = YES;
				CLANG_WARN_NON_LITERAL_NULL_CONVERSION = YES;
				CLANG_WARN_OBJC_IMPLICIT_RETAIN_SELF = YES;
				CLANG_WARN_OBJC_LITERAL_CONVERSION = YES;
				CLANG_WARN_OBJC_ROOT_CLASS = YES_ERROR;
				CLANG_WARN_RANGE_LOOP_ANALYSIS = YES;
				CLANG_WARN_STRICT_PROTOTYPES = YES;
				CLANG_WARN_SUSPICIOUS_MOVE = YES;
				CLANG_WARN_UNGUARDED_AVAILABILITY = YES_AGGRESSIVE;
				CLANG_WARN_UNREACHABLE_CODE = YES;
				CLANG_WARN__DUPLICATE_METHOD_MATCH = YES;
				COPY_PHASE_STRIP = NO;
				DEBUG_INFORMATION_FORMAT = "dwarf-with-dsym";
				ENABLE_NS_ASSERTIONS = NO;
				ENABLE_STRICT_OBJC_MSGSEND = YES;
				GCC_C_LANGUAGE_STANDARD = gnu11;
				GCC_NO_COMMON_BLOCKS = YES;
				GCC_WARN_64_TO_32_BIT_CONVERSION = YES;
				GCC_WARN_ABOUT_RETURN_TYPE = YES_ERROR;
				GCC_WARN_UNDECLARED_SELECTOR = YES;
				GCC_WARN_UNINITIALIZED_AUTOS = YES_AGGRESSIVE;
				GCC_WARN_UNUSED_FUNCTION = YES;
				GCC_WARN_UNUSED_VARIABLE = YES;
				IPHONEOS_DEPLOYMENT_TARGET = 13.6;
				MTL_ENABLE_DEBUG_INFO = NO;
				MTL_FAST_MATH = YES;
				SDKROOT = iphoneos;
				SWIFT_COMPILATION_MODE = wholemodule;
				SWIFT_OPTIMIZATION_LEVEL = "-O";
				VALIDATE_PRODUCT = YES;
			};
			name = Release;
		};
		E908D29724C6787D00FCD874 /* Debug */ = {
			isa = XCBuildConfiguration;
			buildSettings = {
				ASSETCATALOG_COMPILER_APPICON_NAME = AppIcon;
				CODE_SIGN_STYLE = Automatic;
				DEVELOPMENT_TEAM = S7PSCZFN57;
				INFOPLIST_FILE = StormViewer/Info.plist;
				LD_RUNPATH_SEARCH_PATHS = (
					"$(inherited)",
					"@executable_path/Frameworks",
				);
				PRODUCT_BUNDLE_IDENTIFIER = marcusrichard.StormViewer;
				PRODUCT_NAME = "$(TARGET_NAME)";
				SWIFT_VERSION = 5.0;
				TARGETED_DEVICE_FAMILY = 1;
			};
			name = Debug;
		};
		E908D29824C6787D00FCD874 /* Release */ = {
			isa = XCBuildConfiguration;
			buildSettings = {
				ASSETCATALOG_COMPILER_APPICON_NAME = AppIcon;
				CODE_SIGN_STYLE = Automatic;
				DEVELOPMENT_TEAM = S7PSCZFN57;
				INFOPLIST_FILE = StormViewer/Info.plist;
				LD_RUNPATH_SEARCH_PATHS = (
					"$(inherited)",
					"@executable_path/Frameworks",
				);
				PRODUCT_BUNDLE_IDENTIFIER = marcusrichard.StormViewer;
				PRODUCT_NAME = "$(TARGET_NAME)";
				SWIFT_VERSION = 5.0;
				TARGETED_DEVICE_FAMILY = 1;
			};
			name = Release;
		};
/* End XCBuildConfiguration section */

/* Begin XCConfigurationList section */
		E908D27D24C6787C00FCD874 /* Build configuration list for PBXProject "StormViewer" */ = {
			isa = XCConfigurationList;
			buildConfigurations = (
				E908D29424C6787D00FCD874 /* Debug */,
				E908D29524C6787D00FCD874 /* Release */,
			);
			defaultConfigurationIsVisible = 0;
			defaultConfigurationName = Release;
		};
		E908D29624C6787D00FCD874 /* Build configuration list for PBXNativeTarget "StormViewer" */ = {
			isa = XCConfigurationList;
			buildConfigurations = (
				E908D29724C6787D00FCD874 /* Debug */,
				E908D29824C6787D00FCD874 /* Release */,
			);
			defaultConfigurationIsVisible = 0;
			defaultConfigurationName = Release;
		};
/* End XCConfigurationList section */
	};
	rootObject = E908D27A24C6787C00FCD874 /* Project object */;
}
